<?xml version="1.0" encoding="utf-8"?>
<Project ToolsVersion="4.0" xmlns="http://schemas.microsoft.com/developer/msbuild/2003">
  <ItemGroup>
    <Filter Include="Source Files">
      <UniqueIdentifier>{4FC737F1-C7A5-4376-A066-2A32D752A2FF}</UniqueIdentifier>
      <Extensions>cpp;c;cc;cxx;c++;cppm;ixx;def;odl;idl;hpj;bat;asm;asmx</Extensions>
    </Filter>
    <Filter Include="Header Files">
      <UniqueIdentifier>{93995380-89BD-4b04-88EB-625FBE52EBFB}</UniqueIdentifier>
      <Extensions>h;hh;hpp;hxx;h++;hm;inl;inc;ipp;xsd</Extensions>
    </Filter>
    <Filter Include="Resource Files">
      <UniqueIdentifier>{67DA6AB6-F800-4c08-8B7A-83BB121AAD01}</UniqueIdentifier>
      <Extensions>rc;ico;cur;bmp;dlg;rc2;rct;bin;rgs;gif;jpg;jpeg;jpe;resx;tiff;tif;png;wav;mfcribbon-ms</Extensions>
    </Filter>
    <Filter Include="Source Files\Lession1-Getting_Started">
      <UniqueIdentifier>{294f6c0f-3a19-4f41-84ae-6d6c87410e05}</UniqueIdentifier>
    </Filter>
    <Filter Include="Source Files\Lession2-Vectors">
      <UniqueIdentifier>{4b868823-b655-4348-ad2a-59b4004e6a86}</UniqueIdentifier>
    </Filter>
    <Filter Include="Source Files\Lession3-Practical_Cpp">
      <UniqueIdentifier>{17eaf4c8-d771-4b06-b20b-764bc379aba1}</UniqueIdentifier>
    </Filter>
    <Filter Include="Source Files\Lession3-Practical_Cpp\ex1">
      <UniqueIdentifier>{5cae043f-15d6-4975-9c51-17c554b89c9b}</UniqueIdentifier>
    </Filter>
    <Filter Include="Source Files\Lession4-Cpp_OOP">
      <UniqueIdentifier>{81cb4540-3bde-478e-9f1c-634176a11efc}</UniqueIdentifier>
    </Filter>
    <Filter Include="Source Files\Lession4-Cpp_OOP\4.1-Gaussian_Class">
      <UniqueIdentifier>{6846be6c-77f1-48ae-85f4-8cea238cf463}</UniqueIdentifier>
    </Filter>
    <Filter Include="Source Files\Lession4-Cpp_OOP\4.2-Inclusion_Guards">
      <UniqueIdentifier>{b734ce19-3662-4204-806b-053c66c83320}</UniqueIdentifier>
    </Filter>
    <Filter Include="Source Files\Lession4-Cpp_OOP\4.3-OOP_Exercise">
      <UniqueIdentifier>{d135c594-6eac-4079-aa33-ba201b039a2a}</UniqueIdentifier>
    </Filter>
    <Filter Include="Source Files\Lession5-Py_Cpp_Speed">
      <UniqueIdentifier>{165aead7-d04c-460a-8d43-56b07d403c2e}</UniqueIdentifier>
    </Filter>
    <Filter Include="Source Files\Lession5-Py_Cpp_Speed\moving_py">
      <UniqueIdentifier>{c2b6d32c-faf9-40a0-b5cd-0f7966f139e5}</UniqueIdentifier>
    </Filter>
    <Filter Include="Source Files\Lession5-Py_Cpp_Speed\moving_cpp">
      <UniqueIdentifier>{5a545981-640a-430b-90c7-31112f441fe1}</UniqueIdentifier>
    </Filter>
    <Filter Include="Source Files\Lession6-Cpp_Optimization">
      <UniqueIdentifier>{c3c07045-f751-4a44-ab7d-b838d003b2cf}</UniqueIdentifier>
    </Filter>
    <Filter Include="Source Files\Lession6-Cpp_Optimization\1-Dead_code">
      <UniqueIdentifier>{7693b9f1-2e07-42f7-b558-9e878ea75ac5}</UniqueIdentifier>
    </Filter>
    <Filter Include="Source Files\Lession6-Cpp_Optimization\2-If_statement">
      <UniqueIdentifier>{2c616e02-b909-4652-97a9-c3a19bcf4555}</UniqueIdentifier>
    </Filter>
    <Filter Include="Source Files\Lession6-Cpp_Optimization\3-For_loops">
      <UniqueIdentifier>{fcaddfe5-03b5-4a93-bd1b-cfd304b1258e}</UniqueIdentifier>
    </Filter>
    <Filter Include="Source Files\Lession6-Cpp_Optimization\4-Intermediate_variables">
      <UniqueIdentifier>{c4d1ff2b-60b2-4c20-b682-adc39226fe7d}</UniqueIdentifier>
    </Filter>
    <Filter Include="Source Files\Lession6-Cpp_Optimization\5-Vector_storage">
      <UniqueIdentifier>{8917d698-533f-4640-8cd5-8026c208c1f9}</UniqueIdentifier>
    </Filter>
    <Filter Include="Source Files\Lession6-Cpp_Optimization\6-References">
      <UniqueIdentifier>{ddc30a1d-bb96-4e92-93de-b7188783c823}</UniqueIdentifier>
    </Filter>
    <Filter Include="Source Files\Lession6-Cpp_Optimization\7-Static_Keyword">
      <UniqueIdentifier>{9a54d7a4-61bf-4590-b787-216282449626}</UniqueIdentifier>
    </Filter>
  </ItemGroup>
  <ItemGroup>
    <ClCompile Include="start.cpp">
      <Filter>Source Files\Lession1-Getting_Started</Filter>
    </ClCompile>
    <ClCompile Include="function_signature.cpp">
      <Filter>Source Files\Lession1-Getting_Started</Filter>
    </ClCompile>
    <ClCompile Include="if_else.cpp">
      <Filter>Source Files\Lession1-Getting_Started</Filter>
    </ClCompile>
    <ClCompile Include="switch.cpp">
      <Filter>Source Files\Lession1-Getting_Started</Filter>
    </ClCompile>
    <ClCompile Include="while.cpp">
      <Filter>Source Files\Lession1-Getting_Started</Filter>
    </ClCompile>
    <ClCompile Include="vector.cpp">
      <Filter>Source Files\Lession2-Vectors</Filter>
    </ClCompile>
    <ClCompile Include="vector_for_loop.cpp">
      <Filter>Source Files\Lession2-Vectors</Filter>
    </ClCompile>
    <ClCompile Include="distance.cpp">
      <Filter>Source Files\Lession3-Practical_Cpp</Filter>
    </ClCompile>
    <ClCompile Include="distance_main.cpp">
      <Filter>Source Files\Lession3-Practical_Cpp</Filter>
    </ClCompile>
    <ClCompile Include="rw_file.cc">
      <Filter>Source Files\Lession3-Practical_Cpp</Filter>
    </ClCompile>
    <ClCompile Include="rw_file-main.cpp">
      <Filter>Source Files\Lession3-Practical_Cpp</Filter>
    </ClCompile>
    <ClCompile Include="robo.cpp">
      <Filter>Source Files\Lession3-Practical_Cpp\ex1</Filter>
    </ClCompile>
    <ClCompile Include="gaussian.cpp">
      <Filter>Source Files\Lession4-Cpp_OOP\4.1-Gaussian_Class</Filter>
    </ClCompile>
    <ClCompile Include="gaussian_main.cpp">
      <Filter>Source Files\Lession4-Cpp_OOP\4.1-Gaussian_Class</Filter>
    </ClCompile>
    <ClCompile Include="engine.cpp">
      <Filter>Source Files\Lession4-Cpp_OOP\4.2-Inclusion_Guards</Filter>
    </ClCompile>
    <ClCompile Include="car.cpp">
      <Filter>Source Files\Lession4-Cpp_OOP\4.2-Inclusion_Guards</Filter>
    </ClCompile>
    <ClCompile Include="matrix.cpp">
      <Filter>Source Files\Lession4-Cpp_OOP\4.3-OOP_Exercise</Filter>
    </ClCompile>
    <ClCompile Include="IG_main.cpp">
      <Filter>Source Files\Lession4-Cpp_OOP\4.2-Inclusion_Guards</Filter>
    </ClCompile>
    <ClCompile Include="matrix_main.cpp">
      <Filter>Source Files\Lession4-Cpp_OOP\4.3-OOP_Exercise</Filter>
    </ClCompile>
    <ClCompile Include="robot_functions.cpp">
      <Filter>Source Files\Lession5-Py_Cpp_Speed\moving_cpp</Filter>
    </ClCompile>
    <ClCompile Include="moving_main.cpp">
      <Filter>Source Files\Lession5-Py_Cpp_Speed\moving_cpp</Filter>
    </ClCompile>
    <ClCompile Include="main.cpp">
      <Filter>Source Files\Lession6-Cpp_Optimization</Filter>
    </ClCompile>
  </ItemGroup>
  <ItemGroup>
    <None Include="while.py">
      <Filter>Source Files\Lession1-Getting_Started</Filter>
    </None>
    <None Include="helpers.py">
      <Filter>Source Files\Lession5-Py_Cpp_Speed\moving_py</Filter>
    </None>
    <None Include="move.py">
      <Filter>Source Files\Lession5-Py_Cpp_Speed\moving_py</Filter>
    </None>
    <None Include="README-3_For_loops.md">
      <Filter>Source Files\Lession6-Cpp_Optimization\3-For_loops</Filter>
    </None>
    <None Include="README-4_Intermediate_variables.md">
      <Filter>Source Files\Lession6-Cpp_Optimization\4-Intermediate_variables</Filter>
    </None>
    <None Include="README-5_Vector_storage.md">
      <Filter>Source Files\Lession6-Cpp_Optimization\5-Vector_storage</Filter>
    </None>
    <None Include="README-6_References.md">
      <Filter>Source Files\Lession6-Cpp_Optimization\6-References</Filter>
    </None>
    <None Include="README-7_Static_keyword.md">
      <Filter>Source Files\Lession6-Cpp_Optimization\7-Static_Keyword</Filter>
    </None>
    <None Include="README-2_If_statement.md">
      <Filter>Source Files\Lession6-Cpp_Optimization\2-If_statement</Filter>
    </None>
    <None Include="README-1_DeadCode.md">
      <Filter>Source Files\Lession6-Cpp_Optimization\1-Dead_code</Filter>
    </None>
    <None Include="README-0_Overview_Optimization.md">
      <Filter>Source Files\Lession6-Cpp_Optimization</Filter>
    </None>
    <None Include="README.md">
      <Filter>Source Files\Lession6-Cpp_Optimization</Filter>
    </None>
  </ItemGroup>
  <ItemGroup>
    <ClInclude Include="engine.h">
      <Filter>Source Files\Lession4-Cpp_OOP\4.2-Inclusion_Guards</Filter>
    </ClInclude>
    <ClInclude Include="car.h">
      <Filter>Source Files\Lession4-Cpp_OOP\4.2-Inclusion_Guards</Filter>
    </ClInclude>
    <ClInclude Include="rw_file.h">
      <Filter>Source Files\Lession3-Practical_Cpp</Filter>
    </ClInclude>
    <ClInclude Include="distance.h">
      <Filter>Source Files\Lession3-Practical_Cpp</Filter>
    </ClInclude>
    <ClInclude Include="matrix.h">
      <Filter>Source Files\Lession4-Cpp_OOP\4.3-OOP_Exercise</Filter>
    </ClInclude>
    <ClInclude Include="robot_functions.h">
      <Filter>Source Files\Lession5-Py_Cpp_Speed\moving_cpp</Filter>
    </ClInclude>
  </ItemGroup>
  <ItemGroup>
    <Text Include="matrix.txt">
      <Filter>Source Files\Lession3-Practical_Cpp</Filter>
    </Text>
  </ItemGroup>
</Project>